{
  "R": {
    "Version": "4.4.0"
  },
  "packages": {
    "SummarizedExperiment": { "Package": "SummarizedExperiment", "Version": "1.34.0" },
    "SpatialExperiment": { "Package": "SpatialExperiment", "Version": "1.14.0" },
    "scater": { "Package": "scater", "Version": "1.32.1" },
    "ggplot2": { "Package": "ggplot2", "Version": "3.5.1" },
    "dplyr": { "Package": "dplyr", "Version": "1.1.4" },
    "tidyr": { "Package": "tidyr", "Version": "1.3.1" },
    "pheatmap": { "Package": "pheatmap", "Version": "1.0.12" },
    "RColorBrewer": { "Package": "RColorBrewer", "Version": "1.1-3" },
    "viridis": { "Package": "viridis", "Version": "0.6.5" },
    "gridExtra": { "Package": "gridExtra", "Version": "2.3" }
  }
}